
Microsoft Visual Studio Solution File, Format Version 12.00
# Visual Studio Version 17
VisualStudioVersion = 17.0.31919.166
MinimumVisualStudioVersion = 10.0.40219.1
Project("{9A19103F-16F7-4668-BE54-9A1E7A4F7556}") = "Vol.HttpApi.Host", "volunteering-back\Vol.HttpApi.Host.csproj", "{AFD3C42B-F33C-459D-BA5E-569C1CAC0C51}"
EndProject
Project("{FAE04EC0-301F-11D3-BF4B-00C04F79EFBC}") = "Vol.Domain", "Vol.Domain\Vol.Domain.csproj", "{E40D0F1A-C5F9-44EE-ADFB-215F8F3AD437}"
EndProject
Project("{FAE04EC0-301F-11D3-BF4B-00C04F79EFBC}") = "Vol.Domain.Shared", "Vol.Domain.Shared\Vol.Domain.Shared.csproj", "{C9CAFC31-1977-4A77-B788-9CD2714430FE}"
EndProject
Project("{FAE04EC0-301F-11D3-BF4B-00C04F79EFBC}") = "Vol.EntityFrameworkCore", "Vol.EntityFrameworkCore\Vol.EntityFrameworkCore.csproj", "{1A5186FB-42FA-4F0B-9745-B50AD8ED441E}"
EndProject
Project("{FAE04EC0-301F-11D3-BF4B-00C04F79EFBC}") = "Vol.EntityFrameworkCore.DbMigrations", "Vol.EntityFrameworkCore.DbMigrations\Vol.EntityFrameworkCore.DbMigrations.csproj", "{DA2C67CB-A3A1-428D-83A2-CFA11EFA1152}"
EndProject
Project("{FAE04EC0-301F-11D3-BF4B-00C04F79EFBC}") = "Vol.Application", "Vol.Application\Vol.Application.csproj", "{EF863657-E6EA-40C2-A83F-CDF66A4C1727}"
EndProject
Project("{FAE04EC0-301F-11D3-BF4B-00C04F79EFBC}") = "Vol.Application.Contracts", "Vol.Application.Contracts\Vol.Application.Contracts.csproj", "{B467EAFD-8274-4B3F-A61F-7B3DB5897212}"
EndProject
Global
	GlobalSection(SolutionConfigurationPlatforms) = preSolution
		Debug|Any CPU = Debug|Any CPU
		Release|Any CPU = Release|Any CPU
	EndGlobalSection
	GlobalSection(ProjectConfigurationPlatforms) = postSolution
		{AFD3C42B-F33C-459D-BA5E-569C1CAC0C51}.Debug|Any CPU.ActiveCfg = Debug|Any CPU
		{AFD3C42B-F33C-459D-BA5E-569C1CAC0C51}.Debug|Any CPU.Build.0 = Debug|Any CPU
		{AFD3C42B-F33C-459D-BA5E-569C1CAC0C51}.Release|Any CPU.ActiveCfg = Release|Any CPU
		{AFD3C42B-F33C-459D-BA5E-569C1CAC0C51}.Release|Any CPU.Build.0 = Release|Any CPU
		{E40D0F1A-C5F9-44EE-ADFB-215F8F3AD437}.Debug|Any CPU.ActiveCfg = Debug|Any CPU
		{E40D0F1A-C5F9-44EE-ADFB-215F8F3AD437}.Debug|Any CPU.Build.0 = Debug|Any CPU
		{E40D0F1A-C5F9-44EE-ADFB-215F8F3AD437}.Release|Any CPU.ActiveCfg = Release|Any CPU
		{E40D0F1A-C5F9-44EE-ADFB-215F8F3AD437}.Release|Any CPU.Build.0 = Release|Any CPU
		{C9CAFC31-1977-4A77-B788-9CD2714430FE}.Debug|Any CPU.ActiveCfg = Debug|Any CPU
		{C9CAFC31-1977-4A77-B788-9CD2714430FE}.Debug|Any CPU.Build.0 = Debug|Any CPU
		{C9CAFC31-1977-4A77-B788-9CD2714430FE}.Release|Any CPU.ActiveCfg = Release|Any CPU
		{C9CAFC31-1977-4A77-B788-9CD2714430FE}.Release|Any CPU.Build.0 = Release|Any CPU
		{1A5186FB-42FA-4F0B-9745-B50AD8ED441E}.Debug|Any CPU.ActiveCfg = Debug|Any CPU
		{1A5186FB-42FA-4F0B-9745-B50AD8ED441E}.Debug|Any CPU.Build.0 = Debug|Any CPU
		{1A5186FB-42FA-4F0B-9745-B50AD8ED441E}.Release|Any CPU.ActiveCfg = Release|Any CPU
		{1A5186FB-42FA-4F0B-9745-B50AD8ED441E}.Release|Any CPU.Build.0 = Release|Any CPU
		{DA2C67CB-A3A1-428D-83A2-CFA11EFA1152}.Debug|Any CPU.ActiveCfg = Debug|Any CPU
		{DA2C67CB-A3A1-428D-83A2-CFA11EFA1152}.Debug|Any CPU.Build.0 = Debug|Any CPU
		{DA2C67CB-A3A1-428D-83A2-CFA11EFA1152}.Release|Any CPU.ActiveCfg = Release|Any CPU
		{DA2C67CB-A3A1-428D-83A2-CFA11EFA1152}.Release|Any CPU.Build.0 = Release|Any CPU
		{EF863657-E6EA-40C2-A83F-CDF66A4C1727}.Debug|Any CPU.ActiveCfg = Debug|Any CPU
		{EF863657-E6EA-40C2-A83F-CDF66A4C1727}.Debug|Any CPU.Build.0 = Debug|Any CPU
		{EF863657-E6EA-40C2-A83F-CDF66A4C1727}.Release|Any CPU.ActiveCfg = Release|Any CPU
		{EF863657-E6EA-40C2-A83F-CDF66A4C1727}.Release|Any CPU.Build.0 = Release|Any CPU
		{B467EAFD-8274-4B3F-A61F-7B3DB5897212}.Debug|Any CPU.ActiveCfg = Debug|Any CPU
		{B467EAFD-8274-4B3F-A61F-7B3DB5897212}.Debug|Any CPU.Build.0 = Debug|Any CPU
		{B467EAFD-8274-4B3F-A61F-7B3DB5897212}.Release|Any CPU.ActiveCfg = Release|Any CPU
		{B467EAFD-8274-4B3F-A61F-7B3DB5897212}.Release|Any CPU.Build.0 = Release|Any CPU
	EndGlobalSection
	GlobalSection(SolutionProperties) = preSolution
		HideSolutionNode = FALSE
	EndGlobalSection
	GlobalSection(ExtensibilityGlobals) = postSolution
		SolutionGuid = {F622C7FC-A0B4-4E1E-AC6C-0742A462E2B6}
	EndGlobalSection
EndGlobal
