
Microsoft Visual Studio Solution File, Format Version 12.00
# Visual Studio Version 17
VisualStudioVersion = 17.0.31919.166
MinimumVisualStudioVersion = 10.0.40219.1
Project("{9A19103F-16F7-4668-BE54-9A1E7A4F7556}") = "Volunteer.Api", "volunteering-back\Volunteer.Api.csproj", "{AFD3C42B-F33C-459D-BA5E-569C1CAC0C51}"
EndProject
Project("{FAE04EC0-301F-11D3-BF4B-00C04F79EFBC}") = "Volunteer.BL", "Volunteer.BL\Volunteer.BL.csproj", "{F0D1048D-518E-4E75-87B0-4EEDD5526822}"
EndProject
Project("{FAE04EC0-301F-11D3-BF4B-00C04F79EFBC}") = "Volunteer.Common", "Volunteer.Common\Volunteer.Common.csproj", "{769FEE56-676B-4B51-998E-4C296D361FDE}"
EndProject
Project("{FAE04EC0-301F-11D3-BF4B-00C04F79EFBC}") = "Volunteer.Dal", "Volunteer.Dal\Volunteer.Dal.csproj", "{29ED7B31-D2AE-48DE-AFB4-39F43AB98B22}"
EndProject
Global
	GlobalSection(SolutionConfigurationPlatforms) = preSolution
		Debug|Any CPU = Debug|Any CPU
		Release|Any CPU = Release|Any CPU
	EndGlobalSection
	GlobalSection(ProjectConfigurationPlatforms) = postSolution
		{AFD3C42B-F33C-459D-BA5E-569C1CAC0C51}.Debug|Any CPU.ActiveCfg = Debug|Any CPU
		{AFD3C42B-F33C-459D-BA5E-569C1CAC0C51}.Debug|Any CPU.Build.0 = Debug|Any CPU
		{AFD3C42B-F33C-459D-BA5E-569C1CAC0C51}.Release|Any CPU.ActiveCfg = Release|Any CPU
		{AFD3C42B-F33C-459D-BA5E-569C1CAC0C51}.Release|Any CPU.Build.0 = Release|Any CPU
		{F0D1048D-518E-4E75-87B0-4EEDD5526822}.Debug|Any CPU.ActiveCfg = Debug|Any CPU
		{F0D1048D-518E-4E75-87B0-4EEDD5526822}.Debug|Any CPU.Build.0 = Debug|Any CPU
		{F0D1048D-518E-4E75-87B0-4EEDD5526822}.Release|Any CPU.ActiveCfg = Release|Any CPU
		{F0D1048D-518E-4E75-87B0-4EEDD5526822}.Release|Any CPU.Build.0 = Release|Any CPU
		{769FEE56-676B-4B51-998E-4C296D361FDE}.Debug|Any CPU.ActiveCfg = Debug|Any CPU
		{769FEE56-676B-4B51-998E-4C296D361FDE}.Debug|Any CPU.Build.0 = Debug|Any CPU
		{769FEE56-676B-4B51-998E-4C296D361FDE}.Release|Any CPU.ActiveCfg = Release|Any CPU
		{769FEE56-676B-4B51-998E-4C296D361FDE}.Release|Any CPU.Build.0 = Release|Any CPU
		{29ED7B31-D2AE-48DE-AFB4-39F43AB98B22}.Debug|Any CPU.ActiveCfg = Debug|Any CPU
		{29ED7B31-D2AE-48DE-AFB4-39F43AB98B22}.Debug|Any CPU.Build.0 = Debug|Any CPU
		{29ED7B31-D2AE-48DE-AFB4-39F43AB98B22}.Release|Any CPU.ActiveCfg = Release|Any CPU
		{29ED7B31-D2AE-48DE-AFB4-39F43AB98B22}.Release|Any CPU.Build.0 = Release|Any CPU
	EndGlobalSection
	GlobalSection(SolutionProperties) = preSolution
		HideSolutionNode = FALSE
	EndGlobalSection
	GlobalSection(ExtensibilityGlobals) = postSolution
		SolutionGuid = {F622C7FC-A0B4-4E1E-AC6C-0742A462E2B6}
	EndGlobalSection
EndGlobal
